// !$*UTF8*$!
{
	archiveVersion = 1;
	classes = {
	};
	objectVersion = 56;
	objects = {

/* Begin PBXBuildFile section */
		47D24B9D299628C200FDCB68 /* SwiftUICam in Frameworks */ = {isa = PBXBuildFile; productRef = 47D24B9C299628C200FDCB68 /* SwiftUICam */; };
		47D5DBE3298448C2000DEF3C /* CameraApp.swift in Sources */ = {isa = PBXBuildFile; fileRef = 47D5DBE2298448C2000DEF3C /* CameraApp.swift */; };
		47D5DBE5298448C2000DEF3C /* ContentView.swift in Sources */ = {isa = PBXBuildFile; fileRef = 47D5DBE4298448C2000DEF3C /* ContentView.swift */; };
		47D5DBE7298448C4000DEF3C /* Assets.xcassets in Resources */ = {isa = PBXBuildFile; fileRef = 47D5DBE6298448C4000DEF3C /* Assets.xcassets */; };
		47D5DBEA298448C4000DEF3C /* Preview Assets.xcassets in Resources */ = {isa = PBXBuildFile; fileRef = 47D5DBE9298448C4000DEF3C /* Preview Assets.xcassets */; };
		47D5DBF4298448C4000DEF3C /* CameraTests.swift in Sources */ = {isa = PBXBuildFile; fileRef = 47D5DBF3298448C4000DEF3C /* CameraTests.swift */; };
		47D5DBFE298448C4000DEF3C /* CameraUITests.swift in Sources */ = {isa = PBXBuildFile; fileRef = 47D5DBFD298448C4000DEF3C /* CameraUITests.swift */; };
		47D5DC00298448C4000DEF3C /* CameraUITestsLaunchTests.swift in Sources */ = {isa = PBXBuildFile; fileRef = 47D5DBFF298448C4000DEF3C /* CameraUITestsLaunchTests.swift */; };
		47D5DC0D29844944000DEF3C /* CameraViewModel.swift in Sources */ = {isa = PBXBuildFile; fileRef = 47D5DC0C29844944000DEF3C /* CameraViewModel.swift */; };
		47D5DC0F29844993000DEF3C /* CameraView.swift in Sources */ = {isa = PBXBuildFile; fileRef = 47D5DC0E29844992000DEF3C /* CameraView.swift */; };
/* End PBXBuildFile section */

/* Begin PBXContainerItemProxy section */
		47D5DBF0298448C4000DEF3C /* PBXContainerItemProxy */ = {
			isa = PBXContainerItemProxy;
			containerPortal = 47D5DBD7298448C2000DEF3C /* Project object */;
			proxyType = 1;
			remoteGlobalIDString = 47D5DBDE298448C2000DEF3C;
			remoteInfo = Camera;
		};
		47D5DBFA298448C4000DEF3C /* PBXContainerItemProxy */ = {
			isa = PBXContainerItemProxy;
			containerPortal = 47D5DBD7298448C2000DEF3C /* Project object */;
			proxyType = 1;
			remoteGlobalIDString = 47D5DBDE298448C2000DEF3C;
			remoteInfo = Camera;
		};
/* End PBXContainerItemProxy section */

/* Begin PBXFileReference section */
		47D5DBDF298448C2000DEF3C /* Camera.app */ = {isa = PBXFileReference; explicitFileType = wrapper.application; includeInIndex = 0; path = Camera.app; sourceTree = BUILT_PRODUCTS_DIR; };
		47D5DBE2298448C2000DEF3C /* CameraApp.swift */ = {isa = PBXFileReference; lastKnownFileType = sourcecode.swift; path = CameraApp.swift; sourceTree = "<group>"; };
		47D5DBE4298448C2000DEF3C /* ContentView.swift */ = {isa = PBXFileReference; lastKnownFileType = sourcecode.swift; path = ContentView.swift; sourceTree = "<group>"; };
		47D5DBE6298448C4000DEF3C /* Assets.xcassets */ = {isa = PBXFileReference; lastKnownFileType = folder.assetcatalog; path = Assets.xcassets; sourceTree = "<group>"; };
		47D5DBE9298448C4000DEF3C /* Preview Assets.xcassets */ = {isa = PBXFileReference; lastKnownFileType = folder.assetcatalog; path = "Preview Assets.xcassets"; sourceTree = "<group>"; };
		47D5DBEF298448C4000DEF3C /* CameraTests.xctest */ = {isa = PBXFileReference; explicitFileType = wrapper.cfbundle; includeInIndex = 0; path = CameraTests.xctest; sourceTree = BUILT_PRODUCTS_DIR; };
		47D5DBF3298448C4000DEF3C /* CameraTests.swift */ = {isa = PBXFileReference; lastKnownFileType = sourcecode.swift; path = CameraTests.swift; sourceTree = "<group>"; };
		47D5DBF9298448C4000DEF3C /* CameraUITests.xctest */ = {isa = PBXFileReference; explicitFileType = wrapper.cfbundle; includeInIndex = 0; path = CameraUITests.xctest; sourceTree = BUILT_PRODUCTS_DIR; };
		47D5DBFD298448C4000DEF3C /* CameraUITests.swift */ = {isa = PBXFileReference; lastKnownFileType = sourcecode.swift; path = CameraUITests.swift; sourceTree = "<group>"; };
		47D5DBFF298448C4000DEF3C /* CameraUITestsLaunchTests.swift */ = {isa = PBXFileReference; lastKnownFileType = sourcecode.swift; path = CameraUITestsLaunchTests.swift; sourceTree = "<group>"; };
		47D5DC0C29844944000DEF3C /* CameraViewModel.swift */ = {isa = PBXFileReference; lastKnownFileType = sourcecode.swift; path = CameraViewModel.swift; sourceTree = "<group>"; };
		47D5DC0E29844992000DEF3C /* CameraView.swift */ = {isa = PBXFileReference; lastKnownFileType = sourcecode.swift; path = CameraView.swift; sourceTree = "<group>"; };
/* End PBXFileReference section */

/* Begin PBXFrameworksBuildPhase section */
		47D5DBDC298448C2000DEF3C /* Frameworks */ = {
			isa = PBXFrameworksBuildPhase;
			buildActionMask = 2147483647;
			files = (
				47D24B9D299628C200FDCB68 /* SwiftUICam in Frameworks */,
			);
			runOnlyForDeploymentPostprocessing = 0;
		};
		47D5DBEC298448C4000DEF3C /* Frameworks */ = {
			isa = PBXFrameworksBuildPhase;
			buildActionMask = 2147483647;
			files = (
			);
			runOnlyForDeploymentPostprocessing = 0;
		};
		47D5DBF6298448C4000DEF3C /* Frameworks */ = {
			isa = PBXFrameworksBuildPhase;
			buildActionMask = 2147483647;
			files = (
			);
			runOnlyForDeploymentPostprocessing = 0;
		};
/* End PBXFrameworksBuildPhase section */

/* Begin PBXGroup section */
		47D5DBD6298448C2000DEF3C = {
			isa = PBXGroup;
			children = (
				47D5DBE1298448C2000DEF3C /* Camera */,
				47D5DBF2298448C4000DEF3C /* CameraTests */,
				47D5DBFC298448C4000DEF3C /* CameraUITests */,
				47D5DBE0298448C2000DEF3C /* Products */,
			);
			sourceTree = "<group>";
		};
		47D5DBE0298448C2000DEF3C /* Products */ = {
			isa = PBXGroup;
			children = (
				47D5DBDF298448C2000DEF3C /* Camera.app */,
				47D5DBEF298448C4000DEF3C /* CameraTests.xctest */,
				47D5DBF9298448C4000DEF3C /* CameraUITests.xctest */,
			);
			name = Products;
			sourceTree = "<group>";
		};
		47D5DBE1298448C2000DEF3C /* Camera */ = {
			isa = PBXGroup;
			children = (
				47D5DBE2298448C2000DEF3C /* CameraApp.swift */,
				47D5DBE4298448C2000DEF3C /* ContentView.swift */,
				47D5DC0C29844944000DEF3C /* CameraViewModel.swift */,
				47D5DC0E29844992000DEF3C /* CameraView.swift */,
				47D5DBE6298448C4000DEF3C /* Assets.xcassets */,
				47D5DBE8298448C4000DEF3C /* Preview Content */,
			);
			path = Camera;
			sourceTree = "<group>";
		};
		47D5DBE8298448C4000DEF3C /* Preview Content */ = {
			isa = PBXGroup;
			children = (
				47D5DBE9298448C4000DEF3C /* Preview Assets.xcassets */,
			);
			path = "Preview Content";
			sourceTree = "<group>";
		};
		47D5DBF2298448C4000DEF3C /* CameraTests */ = {
			isa = PBXGroup;
			children = (
				47D5DBF3298448C4000DEF3C /* CameraTests.swift */,
			);
			path = CameraTests;
			sourceTree = "<group>";
		};
		47D5DBFC298448C4000DEF3C /* CameraUITests */ = {
			isa = PBXGroup;
			children = (
				47D5DBFD298448C4000DEF3C /* CameraUITests.swift */,
				47D5DBFF298448C4000DEF3C /* CameraUITestsLaunchTests.swift */,
			);
			path = CameraUITests;
			sourceTree = "<group>";
		};
/* End PBXGroup section */

/* Begin PBXNativeTarget section */
		47D5DBDE298448C2000DEF3C /* Camera */ = {
			isa = PBXNativeTarget;
			buildConfigurationList = 47D5DC03298448C4000DEF3C /* Build configuration list for PBXNativeTarget "Camera" */;
			buildPhases = (
				47D5DBDB298448C2000DEF3C /* Sources */,
				47D5DBDC298448C2000DEF3C /* Frameworks */,
				47D5DBDD298448C2000DEF3C /* Resources */,
			);
			buildRules = (
			);
			dependencies = (
			);
			name = Camera;
			packageProductDependencies = (
				47D24B9C299628C200FDCB68 /* SwiftUICam */,
			);
			productName = Camera;
			productReference = 47D5DBDF298448C2000DEF3C /* Camera.app */;
			productType = "com.apple.product-type.application";
		};
		47D5DBEE298448C4000DEF3C /* CameraTests */ = {
			isa = PBXNativeTarget;
			buildConfigurationList = 47D5DC06298448C4000DEF3C /* Build configuration list for PBXNativeTarget "CameraTests" */;
			buildPhases = (
				47D5DBEB298448C4000DEF3C /* Sources */,
				47D5DBEC298448C4000DEF3C /* Frameworks */,
				47D5DBED298448C4000DEF3C /* Resources */,
			);
			buildRules = (
			);
			dependencies = (
				47D5DBF1298448C4000DEF3C /* PBXTargetDependency */,
			);
			name = CameraTests;
			productName = CameraTests;
			productReference = 47D5DBEF298448C4000DEF3C /* CameraTests.xctest */;
			productType = "com.apple.product-type.bundle.unit-test";
		};
		47D5DBF8298448C4000DEF3C /* CameraUITests */ = {
			isa = PBXNativeTarget;
			buildConfigurationList = 47D5DC09298448C4000DEF3C /* Build configuration list for PBXNativeTarget "CameraUITests" */;
			buildPhases = (
				47D5DBF5298448C4000DEF3C /* Sources */,
				47D5DBF6298448C4000DEF3C /* Frameworks */,
				47D5DBF7298448C4000DEF3C /* Resources */,
			);
			buildRules = (
			);
			dependencies = (
				47D5DBFB298448C4000DEF3C /* PBXTargetDependency */,
			);
			name = CameraUITests;
			productName = CameraUITests;
			productReference = 47D5DBF9298448C4000DEF3C /* CameraUITests.xctest */;
			productType = "com.apple.product-type.bundle.ui-testing";
		};
/* End PBXNativeTarget section */

/* Begin PBXProject section */
		47D5DBD7298448C2000DEF3C /* Project object */ = {
			isa = PBXProject;
			attributes = {
				BuildIndependentTargetsInParallel = 1;
				LastSwiftUpdateCheck = 1420;
				LastUpgradeCheck = 1420;
				TargetAttributes = {
					47D5DBDE298448C2000DEF3C = {
						CreatedOnToolsVersion = 14.2;
					};
					47D5DBEE298448C4000DEF3C = {
						CreatedOnToolsVersion = 14.2;
						TestTargetID = 47D5DBDE298448C2000DEF3C;
					};
					47D5DBF8298448C4000DEF3C = {
						CreatedOnToolsVersion = 14.2;
						TestTargetID = 47D5DBDE298448C2000DEF3C;
					};
				};
			};
			buildConfigurationList = 47D5DBDA298448C2000DEF3C /* Build configuration list for PBXProject "Camera" */;
			compatibilityVersion = "Xcode 14.0";
			developmentRegion = en;
			hasScannedForEncodings = 0;
			knownRegions = (
				en,
				Base,
			);
			mainGroup = 47D5DBD6298448C2000DEF3C;
			packageReferences = (
				47D24B9B299628C200FDCB68 /* XCRemoteSwiftPackageReference "SwiftUICam" */,
			);
			productRefGroup = 47D5DBE0298448C2000DEF3C /* Products */;
			projectDirPath = "";
			projectRoot = "";
			targets = (
				47D5DBDE298448C2000DEF3C /* Camera */,
				47D5DBEE298448C4000DEF3C /* CameraTests */,
				47D5DBF8298448C4000DEF3C /* CameraUITests */,
			);
		};
/* End PBXProject section */

/* Begin PBXResourcesBuildPhase section */
		47D5DBDD298448C2000DEF3C /* Resources */ = {
			isa = PBXResourcesBuildPhase;
			buildActionMask = 2147483647;
			files = (
				47D5DBEA298448C4000DEF3C /* Preview Assets.xcassets in Resources */,
				47D5DBE7298448C4000DEF3C /* Assets.xcassets in Resources */,
			);
			runOnlyForDeploymentPostprocessing = 0;
		};
		47D5DBED298448C4000DEF3C /* Resources */ = {
			isa = PBXResourcesBuildPhase;
			buildActionMask = 2147483647;
			files = (
			);
			runOnlyForDeploymentPostprocessing = 0;
		};
		47D5DBF7298448C4000DEF3C /* Resources */ = {
			isa = PBXResourcesBuildPhase;
			buildActionMask = 2147483647;
			files = (
			);
			runOnlyForDeploymentPostprocessing = 0;
		};
/* End PBXResourcesBuildPhase section */

/* Begin PBXSourcesBuildPhase section */
		47D5DBDB298448C2000DEF3C /* Sources */ = {
			isa = PBXSourcesBuildPhase;
			buildActionMask = 2147483647;
			files = (
				47D5DBE5298448C2000DEF3C /* ContentView.swift in Sources */,
				47D5DBE3298448C2000DEF3C /* CameraApp.swift in Sources */,
				47D5DC0D29844944000DEF3C /* CameraViewModel.swift in Sources */,
				47D5DC0F29844993000DEF3C /* CameraView.swift in Sources */,
			);
			runOnlyForDeploymentPostprocessing = 0;
		};
		47D5DBEB298448C4000DEF3C /* Sources */ = {
			isa = PBXSourcesBuildPhase;
			buildActionMask = 2147483647;
			files = (
				47D5DBF4298448C4000DEF3C /* CameraTests.swift in Sources */,
			);
			runOnlyForDeploymentPostprocessing = 0;
		};
		47D5DBF5298448C4000DEF3C /* Sources */ = {
			isa = PBXSourcesBuildPhase;
			buildActionMask = 2147483647;
			files = (
				47D5DBFE298448C4000DEF3C /* CameraUITests.swift in Sources */,
				47D5DC00298448C4000DEF3C /* CameraUITestsLaunchTests.swift in Sources */,
			);
			runOnlyForDeploymentPostprocessing = 0;
		};
/* End PBXSourcesBuildPhase section */

/* Begin PBXTargetDependency section */
		47D5DBF1298448C4000DEF3C /* PBXTargetDependency */ = {
			isa = PBXTargetDependency;
			target = 47D5DBDE298448C2000DEF3C /* Camera */;
			targetProxy = 47D5DBF0298448C4000DEF3C /* PBXContainerItemProxy */;
		};
		47D5DBFB298448C4000DEF3C /* PBXTargetDependency */ = {
			isa = PBXTargetDependency;
			target = 47D5DBDE298448C2000DEF3C /* Camera */;
			targetProxy = 47D5DBFA298448C4000DEF3C /* PBXContainerItemProxy */;
		};
/* End PBXTargetDependency section */

/* Begin XCBuildConfiguration section */
		47D5DC01298448C4000DEF3C /* Debug */ = {
			isa = XCBuildConfiguration;
			buildSettings = {
				ALWAYS_SEARCH_USER_PATHS = NO;
				CLANG_ANALYZER_NONNULL = YES;
				CLANG_ANALYZER_NUMBER_OBJECT_CONVERSION = YES_AGGRESSIVE;
				CLANG_CXX_LANGUAGE_STANDARD = "gnu++20";
				CLANG_ENABLE_MODULES = YES;
				CLANG_ENABLE_OBJC_ARC = YES;
				CLANG_ENABLE_OBJC_WEAK = YES;
				CLANG_WARN_BLOCK_CAPTURE_AUTORELEASING = YES;
				CLANG_WARN_BOOL_CONVERSION = YES;
				CLANG_WARN_COMMA = YES;
				CLANG_WARN_CONSTANT_CONVERSION = YES;
				CLANG_WARN_DEPRECATED_OBJC_IMPLEMENTATIONS = YES;
				CLANG_WARN_DIRECT_OBJC_ISA_USAGE = YES_ERROR;
				CLANG_WARN_DOCUMENTATION_COMMENTS = YES;
				CLANG_WARN_EMPTY_BODY = YES;
				CLANG_WARN_ENUM_CONVERSION = YES;
				CLANG_WARN_INFINITE_RECURSION = YES;
				CLANG_WARN_INT_CONVERSION = YES;
				CLANG_WARN_NON_LITERAL_NULL_CONVERSION = YES;
				CLANG_WARN_OBJC_IMPLICIT_RETAIN_SELF = YES;
				CLANG_WARN_OBJC_LITERAL_CONVERSION = YES;
				CLANG_WARN_OBJC_ROOT_CLASS = YES_ERROR;
				CLANG_WARN_QUOTED_INCLUDE_IN_FRAMEWORK_HEADER = YES;
				CLANG_WARN_RANGE_LOOP_ANALYSIS = YES;
				CLANG_WARN_STRICT_PROTOTYPES = YES;
				CLANG_WARN_SUSPICIOUS_MOVE = YES;
				CLANG_WARN_UNGUARDED_AVAILABILITY = YES_AGGRESSIVE;
				CLANG_WARN_UNREACHABLE_CODE = YES;
				CLANG_WARN__DUPLICATE_METHOD_MATCH = YES;
				COPY_PHASE_STRIP = NO;
				DEBUG_INFORMATION_FORMAT = dwarf;
				ENABLE_STRICT_OBJC_MSGSEND = YES;
				ENABLE_TESTABILITY = YES;
				GCC_C_LANGUAGE_STANDARD = gnu11;
				GCC_DYNAMIC_NO_PIC = NO;
				GCC_NO_COMMON_BLOCKS = YES;
				GCC_OPTIMIZATION_LEVEL = 0;
				GCC_PREPROCESSOR_DEFINITIONS = (
					"DEBUG=1",
					"$(inherited)",
				);
				GCC_WARN_64_TO_32_BIT_CONVERSION = YES;
				GCC_WARN_ABOUT_RETURN_TYPE = YES_ERROR;
				GCC_WARN_UNDECLARED_SELECTOR = YES;
				GCC_WARN_UNINITIALIZED_AUTOS = YES_AGGRESSIVE;
				GCC_WARN_UNUSED_FUNCTION = YES;
				GCC_WARN_UNUSED_VARIABLE = YES;
				IPHONEOS_DEPLOYMENT_TARGET = 16.2;
				MTL_ENABLE_DEBUG_INFO = INCLUDE_SOURCE;
				MTL_FAST_MATH = YES;
				ONLY_ACTIVE_ARCH = YES;
				SDKROOT = iphoneos;
				SWIFT_ACTIVE_COMPILATION_CONDITIONS = DEBUG;
				SWIFT_OPTIMIZATION_LEVEL = "-Onone";
			};
			name = Debug;
		};
		47D5DC02298448C4000DEF3C /* Release */ = {
			isa = XCBuildConfiguration;
			buildSettings = {
				ALWAYS_SEARCH_USER_PATHS = NO;
				CLANG_ANALYZER_NONNULL = YES;
				CLANG_ANALYZER_NUMBER_OBJECT_CONVERSION = YES_AGGRESSIVE;
				CLANG_CXX_LANGUAGE_STANDARD = "gnu++20";
				CLANG_ENABLE_MODULES = YES;
				CLANG_ENABLE_OBJC_ARC = YES;
				CLANG_ENABLE_OBJC_WEAK = YES;
				CLANG_WARN_BLOCK_CAPTURE_AUTORELEASING = YES;
				CLANG_WARN_BOOL_CONVERSION = YES;
				CLANG_WARN_COMMA = YES;
				CLANG_WARN_CONSTANT_CONVERSION = YES;
				CLANG_WARN_DEPRECATED_OBJC_IMPLEMENTATIONS = YES;
				CLANG_WARN_DIRECT_OBJC_ISA_USAGE = YES_ERROR;
				CLANG_WARN_DOCUMENTATION_COMMENTS = YES;
				CLANG_WARN_EMPTY_BODY = YES;
				CLANG_WARN_ENUM_CONVERSION = YES;
				CLANG_WARN_INFINITE_RECURSION = YES;
				CLANG_WARN_INT_CONVERSION = YES;
				CLANG_WARN_NON_LITERAL_NULL_CONVERSION = YES;
				CLANG_WARN_OBJC_IMPLICIT_RETAIN_SELF = YES;
				CLANG_WARN_OBJC_LITERAL_CONVERSION = YES;
				CLANG_WARN_OBJC_ROOT_CLASS = YES_ERROR;
				CLANG_WARN_QUOTED_INCLUDE_IN_FRAMEWORK_HEADER = YES;
				CLANG_WARN_RANGE_LOOP_ANALYSIS = YES;
				CLANG_WARN_STRICT_PROTOTYPES = YES;
				CLANG_WARN_SUSPICIOUS_MOVE = YES;
				CLANG_WARN_UNGUARDED_AVAILABILITY = YES_AGGRESSIVE;
				CLANG_WARN_UNREACHABLE_CODE = YES;
				CLANG_WARN__DUPLICATE_METHOD_MATCH = YES;
				COPY_PHASE_STRIP = NO;
				DEBUG_INFORMATION_FORMAT = "dwarf-with-dsym";
				ENABLE_NS_ASSERTIONS = NO;
				ENABLE_STRICT_OBJC_MSGSEND = YES;
				GCC_C_LANGUAGE_STANDARD = gnu11;
				GCC_NO_COMMON_BLOCKS = YES;
				GCC_WARN_64_TO_32_BIT_CONVERSION = YES;
				GCC_WARN_ABOUT_RETURN_TYPE = YES_ERROR;
				GCC_WARN_UNDECLARED_SELECTOR = YES;
				GCC_WARN_UNINITIALIZED_AUTOS = YES_AGGRESSIVE;
				GCC_WARN_UNUSED_FUNCTION = YES;
				GCC_WARN_UNUSED_VARIABLE = YES;
				IPHONEOS_DEPLOYMENT_TARGET = 16.2;
				MTL_ENABLE_DEBUG_INFO = NO;
				MTL_FAST_MATH = YES;
				SDKROOT = iphoneos;
				SWIFT_COMPILATION_MODE = wholemodule;
				SWIFT_OPTIMIZATION_LEVEL = "-O";
				VALIDATE_PRODUCT = YES;
			};
			name = Release;
		};
		47D5DC04298448C4000DEF3C /* Debug */ = {
			isa = XCBuildConfiguration;
			buildSettings = {
				ASSETCATALOG_COMPILER_APPICON_NAME = AppIcon;
				ASSETCATALOG_COMPILER_GLOBAL_ACCENT_COLOR_NAME = AccentColor;
				CODE_SIGN_STYLE = Automatic;
				CURRENT_PROJECT_VERSION = 1;
				DEVELOPMENT_ASSET_PATHS = "\"Camera/Preview Content\"";
				DEVELOPMENT_TEAM = "";
				ENABLE_PREVIEWS = YES;
				GENERATE_INFOPLIST_FILE = YES;
				INFOPLIST_KEY_NSCameraUsageDescription = "camera needed";
				INFOPLIST_KEY_NSMicrophoneUsageDescription = "microphone needed";
				INFOPLIST_KEY_UIApplicationSceneManifest_Generation = YES;
				INFOPLIST_KEY_UIApplicationSupportsIndirectInputEvents = YES;
				INFOPLIST_KEY_UILaunchScreen_Generation = YES;
				INFOPLIST_KEY_UISupportedInterfaceOrientations_iPad = "UIInterfaceOrientationPortrait UIInterfaceOrientationPortraitUpsideDown UIInterfaceOrientationLandscapeLeft UIInterfaceOrientationLandscapeRight";
				INFOPLIST_KEY_UISupportedInterfaceOrientations_iPhone = "UIInterfaceOrientationPortrait UIInterfaceOrientationLandscapeLeft UIInterfaceOrientationLandscapeRight";
				IPHONEOS_DEPLOYMENT_TARGET = 15.0;
				LD_RUNPATH_SEARCH_PATHS = (
					"$(inherited)",
					"@executable_path/Frameworks",
				);
				MARKETING_VERSION = 1.0;
				PRODUCT_BUNDLE_IDENTIFIER = Maayon.Camera;
				PRODUCT_NAME = "$(TARGET_NAME)";
				SWIFT_EMIT_LOC_STRINGS = YES;
				SWIFT_VERSION = 5.0;
				TARGETED_DEVICE_FAMILY = "1,2";
			};
			name = Debug;
		};
		47D5DC05298448C4000DEF3C /* Release */ = {
			isa = XCBuildConfiguration;
			buildSettings = {
				ASSETCATALOG_COMPILER_APPICON_NAME = AppIcon;
				ASSETCATALOG_COMPILER_GLOBAL_ACCENT_COLOR_NAME = AccentColor;
				CODE_SIGN_STYLE = Automatic;
				CURRENT_PROJECT_VERSION = 1;
				DEVELOPMENT_ASSET_PATHS = "\"Camera/Preview Content\"";
				DEVELOPMENT_TEAM = "";
				ENABLE_PREVIEWS = YES;
				GENERATE_INFOPLIST_FILE = YES;
				INFOPLIST_KEY_NSCameraUsageDescription = "camera needed";
				INFOPLIST_KEY_NSMicrophoneUsageDescription = "microphone needed";
				INFOPLIST_KEY_UIApplicationSceneManifest_Generation = YES;
				INFOPLIST_KEY_UIApplicationSupportsIndirectInputEvents = YES;
				INFOPLIST_KEY_UILaunchScreen_Generation = YES;
				INFOPLIST_KEY_UISupportedInterfaceOrientations_iPad = "UIInterfaceOrientationPortrait UIInterfaceOrientationPortraitUpsideDown UIInterfaceOrientationLandscapeLeft UIInterfaceOrientationLandscapeRight";
				INFOPLIST_KEY_UISupportedInterfaceOrientations_iPhone = "UIInterfaceOrientationPortrait UIInterfaceOrientationLandscapeLeft UIInterfaceOrientationLandscapeRight";
				IPHONEOS_DEPLOYMENT_TARGET = 15.0;
				LD_RUNPATH_SEARCH_PATHS = (
					"$(inherited)",
					"@executable_path/Frameworks",
				);
				MARKETING_VERSION = 1.0;
				PRODUCT_BUNDLE_IDENTIFIER = Maayon.Camera;
				PRODUCT_NAME = "$(TARGET_NAME)";
				SWIFT_EMIT_LOC_STRINGS = YES;
				SWIFT_VERSION = 5.0;
				TARGETED_DEVICE_FAMILY = "1,2";
			};
			name = Release;
		};
		47D5DC07298448C4000DEF3C /* Debug */ = {
			isa = XCBuildConfiguration;
			buildSettings = {
				ALWAYS_EMBED_SWIFT_STANDARD_LIBRARIES = YES;
				BUNDLE_LOADER = "$(TEST_HOST)";
				CODE_SIGN_STYLE = Automatic;
				CURRENT_PROJECT_VERSION = 1;
				DEVELOPMENT_TEAM = F5RPA3RS45;
				GENERATE_INFOPLIST_FILE = YES;
				IPHONEOS_DEPLOYMENT_TARGET = 16.2;
				MARKETING_VERSION = 1.0;
				PRODUCT_BUNDLE_IDENTIFIER = Maayon.CameraTests;
				PRODUCT_NAME = "$(TARGET_NAME)";
				SWIFT_EMIT_LOC_STRINGS = NO;
				SWIFT_VERSION = 5.0;
				TARGETED_DEVICE_FAMILY = "1,2";
				TEST_HOST = "$(BUILT_PRODUCTS_DIR)/Camera.app/$(BUNDLE_EXECUTABLE_FOLDER_PATH)/Camera";
			};
			name = Debug;
		};
		47D5DC08298448C4000DEF3C /* Release */ = {
			isa = XCBuildConfiguration;
			buildSettings = {
				ALWAYS_EMBED_SWIFT_STANDARD_LIBRARIES = YES;
				BUNDLE_LOADER = "$(TEST_HOST)";
				CODE_SIGN_STYLE = Automatic;
				CURRENT_PROJECT_VERSION = 1;
				DEVELOPMENT_TEAM = F5RPA3RS45;
				GENERATE_INFOPLIST_FILE = YES;
				IPHONEOS_DEPLOYMENT_TARGET = 16.2;
				MARKETING_VERSION = 1.0;
				PRODUCT_BUNDLE_IDENTIFIER = Maayon.CameraTests;
				PRODUCT_NAME = "$(TARGET_NAME)";
				SWIFT_EMIT_LOC_STRINGS = NO;
				SWIFT_VERSION = 5.0;
				TARGETED_DEVICE_FAMILY = "1,2";
				TEST_HOST = "$(BUILT_PRODUCTS_DIR)/Camera.app/$(BUNDLE_EXECUTABLE_FOLDER_PATH)/Camera";
			};
			name = Release;
		};
		47D5DC0A298448C4000DEF3C /* Debug */ = {
			isa = XCBuildConfiguration;
			buildSettings = {
				ALWAYS_EMBED_SWIFT_STANDARD_LIBRARIES = YES;
				CODE_SIGN_STYLE = Automatic;
				CURRENT_PROJECT_VERSION = 1;
				DEVELOPMENT_TEAM = F5RPA3RS45;
				GENERATE_INFOPLIST_FILE = YES;
				MARKETING_VERSION = 1.0;
				PRODUCT_BUNDLE_IDENTIFIER = Maayon.CameraUITests;
				PRODUCT_NAME = "$(TARGET_NAME)";
				SWIFT_EMIT_LOC_STRINGS = NO;
				SWIFT_VERSION = 5.0;
				TARGETED_DEVICE_FAMILY = "1,2";
				TEST_TARGET_NAME = Camera;
			};
			name = Debug;
		};
		47D5DC0B298448C4000DEF3C /* Release */ = {
			isa = XCBuildConfiguration;
			buildSettings = {
				ALWAYS_EMBED_SWIFT_STANDARD_LIBRARIES = YES;
				CODE_SIGN_STYLE = Automatic;
				CURRENT_PROJECT_VERSION = 1;
				DEVELOPMENT_TEAM = F5RPA3RS45;
				GENERATE_INFOPLIST_FILE = YES;
				MARKETING_VERSION = 1.0;
				PRODUCT_BUNDLE_IDENTIFIER = Maayon.CameraUITests;
				PRODUCT_NAME = "$(TARGET_NAME)";
				SWIFT_EMIT_LOC_STRINGS = NO;
				SWIFT_VERSION = 5.0;
				TARGETED_DEVICE_FAMILY = "1,2";
				TEST_TARGET_NAME = Camera;
			};
			name = Release;
		};
/* End XCBuildConfiguration section */

/* Begin XCConfigurationList section */
		47D5DBDA298448C2000DEF3C /* Build configuration list for PBXProject "Camera" */ = {
			isa = XCConfigurationList;
			buildConfigurations = (
				47D5DC01298448C4000DEF3C /* Debug */,
				47D5DC02298448C4000DEF3C /* Release */,
			);
			defaultConfigurationIsVisible = 0;
			defaultConfigurationName = Release;
		};
		47D5DC03298448C4000DEF3C /* Build configuration list for PBXNativeTarget "Camera" */ = {
			isa = XCConfigurationList;
			buildConfigurations = (
				47D5DC04298448C4000DEF3C /* Debug */,
				47D5DC05298448C4000DEF3C /* Release */,
			);
			defaultConfigurationIsVisible = 0;
			defaultConfigurationName = Release;
		};
		47D5DC06298448C4000DEF3C /* Build configuration list for PBXNativeTarget "CameraTests" */ = {
			isa = XCConfigurationList;
			buildConfigurations = (
				47D5DC07298448C4000DEF3C /* Debug */,
				47D5DC08298448C4000DEF3C /* Release */,
			);
			defaultConfigurationIsVisible = 0;
			defaultConfigurationName = Release;
		};
		47D5DC09298448C4000DEF3C /* Build configuration list for PBXNativeTarget "CameraUITests" */ = {
			isa = XCConfigurationList;
			buildConfigurations = (
				47D5DC0A298448C4000DEF3C /* Debug */,
				47D5DC0B298448C4000DEF3C /* Release */,
			);
			defaultConfigurationIsVisible = 0;
			defaultConfigurationName = Release;
		};
/* End XCConfigurationList section */

/* Begin XCRemoteSwiftPackageReference section */
		47D24B9B299628C200FDCB68 /* XCRemoteSwiftPackageReference "SwiftUICam" */ = {
			isa = XCRemoteSwiftPackageReference;
			repositoryURL = "https://github.com/pierreveron/SwiftUICam";
			requirement = {
				branch = master;
				kind = branch;
			};
		};
/* End XCRemoteSwiftPackageReference section */

/* Begin XCSwiftPackageProductDependency section */
		47D24B9C299628C200FDCB68 /* SwiftUICam */ = {
			isa = XCSwiftPackageProductDependency;
			package = 47D24B9B299628C200FDCB68 /* XCRemoteSwiftPackageReference "SwiftUICam" */;
			productName = SwiftUICam;
		};
/* End XCSwiftPackageProductDependency section */
	};
	rootObject = 47D5DBD7298448C2000DEF3C /* Project object */;
}
